
Microsoft Visual Studio Solution File, Format Version 12.00
# Visual Studio Version 16
VisualStudioVersion = 16.0.28822.285
MinimumVisualStudioVersion = 10.0.40219.1
Project("{FAE04EC0-301F-11D3-BF4B-00C04F79EFBC}") = "RestWithAspNET", "RestWithAspNET.csproj", "{D6FE95E8-A495-48F9-BF40-28066E0B7180}"
EndProject
Global
	GlobalSection(SolutionConfigurationPlatforms) = preSolution
		Debug|Any CPU = Debug|Any CPU
		Release|Any CPU = Release|Any CPU
	EndGlobalSection
	GlobalSection(ProjectConfigurationPlatforms) = postSolution
		{D6FE95E8-A495-48F9-BF40-28066E0B7180}.Debug|Any CPU.ActiveCfg = Debug|Any CPU
		{D6FE95E8-A495-48F9-BF40-28066E0B7180}.Debug|Any CPU.Build.0 = Debug|Any CPU
		{D6FE95E8-A495-48F9-BF40-28066E0B7180}.Release|Any CPU.ActiveCfg = Release|Any CPU
		{D6FE95E8-A495-48F9-BF40-28066E0B7180}.Release|Any CPU.Build.0 = Release|Any CPU
	EndGlobalSection
	GlobalSection(SolutionProperties) = preSolution
		HideSolutionNode = FALSE
	EndGlobalSection
	GlobalSection(ExtensibilityGlobals) = postSolution
		SolutionGuid = {69E9AE73-9CFA-4191-80AD-3D5551ED0CD7}
	EndGlobalSection
EndGlobal
